
Microsoft Visual Studio Solution File, Format Version 12.00
# Visual Studio Version 17
VisualStudioVersion = 17.3.32811.315
MinimumVisualStudioVersion = 10.0.40219.1
Project("{FAE04EC0-301F-11D3-BF4B-00C04F79EFBC}") = "Övningar Delegates and Events", "Övningar Delegates and Events\Övningar Delegates and Events.csproj", "{C8C56B80-FB65-4776-880F-D0D9552DDFEB}"
EndProject
Global
	GlobalSection(SolutionConfigurationPlatforms) = preSolution
		Debug|Any CPU = Debug|Any CPU
		Release|Any CPU = Release|Any CPU
	EndGlobalSection
	GlobalSection(ProjectConfigurationPlatforms) = postSolution
		{C8C56B80-FB65-4776-880F-D0D9552DDFEB}.Debug|Any CPU.ActiveCfg = Debug|Any CPU
		{C8C56B80-FB65-4776-880F-D0D9552DDFEB}.Debug|Any CPU.Build.0 = Debug|Any CPU
		{C8C56B80-FB65-4776-880F-D0D9552DDFEB}.Release|Any CPU.ActiveCfg = Release|Any CPU
		{C8C56B80-FB65-4776-880F-D0D9552DDFEB}.Release|Any CPU.Build.0 = Release|Any CPU
	EndGlobalSection
	GlobalSection(SolutionProperties) = preSolution
		HideSolutionNode = FALSE
	EndGlobalSection
	GlobalSection(ExtensibilityGlobals) = postSolution
		SolutionGuid = {158647EA-3881-40F2-BEDE-38FF8119D1F9}
	EndGlobalSection
EndGlobal
